
Microsoft Visual Studio Solution File, Format Version 12.00
# Visual Studio Version 17
VisualStudioVersion = 17.2.32505.173
MinimumVisualStudioVersion = 10.0.40219.1
Project("{2150E333-8FDC-42A3-9474-1A3956D46DE8}") = "UI", "UI", "{93E001C5-F02F-4AB6-AC29-25C115AFABF3}"
EndProject
Project("{2150E333-8FDC-42A3-9474-1A3956D46DE8}") = "Servcies", "Servcies", "{7581D5F8-F377-4BD7-87C6-CFF43BF80F9C}"
EndProject
Project("{2150E333-8FDC-42A3-9474-1A3956D46DE8}") = "Common", "Common", "{43E2DDFC-37D5-45D8-8991-C8912DE2B4A6}"
EndProject
Project("{2150E333-8FDC-42A3-9474-1A3956D46DE8}") = "Data", "Data", "{67BBE707-38F4-48AD-84ED-ED3F0EAD4453}"
EndProject
Project("{2150E333-8FDC-42A3-9474-1A3956D46DE8}") = ".Tools", ".Tools", "{E8FD1E10-D6B6-4AEB-B675-4A64446681F9}"
	ProjectSection(SolutionItems) = preProject
		.gitignore = .gitignore
		ClearObj.bat = ClearObj.bat
	EndProjectSection
EndProject
Project("{9A19103F-16F7-4668-BE54-9A1E7A4F7556}") = "WebStore.DAL", "Data\WebStore.DAL\WebStore.DAL.csproj", "{2D684A66-06ED-45C7-9231-DB97436FD7F1}"
EndProject
Project("{9A19103F-16F7-4668-BE54-9A1E7A4F7556}") = "WebStore.Domain", "Common\WebStore.Domain\WebStore.Domain.csproj", "{F7EDABE6-312C-4483-8D1F-59C14993CB30}"
EndProject
Project("{9A19103F-16F7-4668-BE54-9A1E7A4F7556}") = "WebStore.DAL.Sqlite", "Data\WebStore.DAL.Sqlite\WebStore.DAL.Sqlite.csproj", "{2AD01EE4-D5A5-46FE-9FA6-DD47DA259150}"
EndProject
Project("{9A19103F-16F7-4668-BE54-9A1E7A4F7556}") = "WebStore", "UI\WebStore\WebStore.csproj", "{E05CE8A4-1BAB-47D6-81E8-DD68D7CF1052}"
EndProject
Project("{FAE04EC0-301F-11D3-BF4B-00C04F79EFBC}") = "WebStore.Interfaces", "Services\WebStore.Interfaces\WebStore.Interfaces.csproj", "{5B201184-27EF-4257-80B6-391F46168E67}"
EndProject
Project("{FAE04EC0-301F-11D3-BF4B-00C04F79EFBC}") = "WebStore.Services", "Services\WebStore.Services\WebStore.Services.csproj", "{A28F70F1-295E-4840-AEB7-AEB8FE5E2D9F}"
EndProject
Global
	GlobalSection(SolutionConfigurationPlatforms) = preSolution
		Debug|Any CPU = Debug|Any CPU
		Release|Any CPU = Release|Any CPU
	EndGlobalSection
	GlobalSection(ProjectConfigurationPlatforms) = postSolution
		{2D684A66-06ED-45C7-9231-DB97436FD7F1}.Debug|Any CPU.ActiveCfg = Debug|Any CPU
		{2D684A66-06ED-45C7-9231-DB97436FD7F1}.Debug|Any CPU.Build.0 = Debug|Any CPU
		{2D684A66-06ED-45C7-9231-DB97436FD7F1}.Release|Any CPU.ActiveCfg = Release|Any CPU
		{2D684A66-06ED-45C7-9231-DB97436FD7F1}.Release|Any CPU.Build.0 = Release|Any CPU
		{F7EDABE6-312C-4483-8D1F-59C14993CB30}.Debug|Any CPU.ActiveCfg = Debug|Any CPU
		{F7EDABE6-312C-4483-8D1F-59C14993CB30}.Debug|Any CPU.Build.0 = Debug|Any CPU
		{F7EDABE6-312C-4483-8D1F-59C14993CB30}.Release|Any CPU.ActiveCfg = Release|Any CPU
		{F7EDABE6-312C-4483-8D1F-59C14993CB30}.Release|Any CPU.Build.0 = Release|Any CPU
		{2AD01EE4-D5A5-46FE-9FA6-DD47DA259150}.Debug|Any CPU.ActiveCfg = Debug|Any CPU
		{2AD01EE4-D5A5-46FE-9FA6-DD47DA259150}.Debug|Any CPU.Build.0 = Debug|Any CPU
		{2AD01EE4-D5A5-46FE-9FA6-DD47DA259150}.Release|Any CPU.ActiveCfg = Release|Any CPU
		{2AD01EE4-D5A5-46FE-9FA6-DD47DA259150}.Release|Any CPU.Build.0 = Release|Any CPU
		{E05CE8A4-1BAB-47D6-81E8-DD68D7CF1052}.Debug|Any CPU.ActiveCfg = Debug|Any CPU
		{E05CE8A4-1BAB-47D6-81E8-DD68D7CF1052}.Debug|Any CPU.Build.0 = Debug|Any CPU
		{E05CE8A4-1BAB-47D6-81E8-DD68D7CF1052}.Release|Any CPU.ActiveCfg = Release|Any CPU
		{E05CE8A4-1BAB-47D6-81E8-DD68D7CF1052}.Release|Any CPU.Build.0 = Release|Any CPU
		{5B201184-27EF-4257-80B6-391F46168E67}.Debug|Any CPU.ActiveCfg = Debug|Any CPU
		{5B201184-27EF-4257-80B6-391F46168E67}.Debug|Any CPU.Build.0 = Debug|Any CPU
		{5B201184-27EF-4257-80B6-391F46168E67}.Release|Any CPU.ActiveCfg = Release|Any CPU
		{5B201184-27EF-4257-80B6-391F46168E67}.Release|Any CPU.Build.0 = Release|Any CPU
		{A28F70F1-295E-4840-AEB7-AEB8FE5E2D9F}.Debug|Any CPU.ActiveCfg = Debug|Any CPU
		{A28F70F1-295E-4840-AEB7-AEB8FE5E2D9F}.Debug|Any CPU.Build.0 = Debug|Any CPU
		{A28F70F1-295E-4840-AEB7-AEB8FE5E2D9F}.Release|Any CPU.ActiveCfg = Release|Any CPU
		{A28F70F1-295E-4840-AEB7-AEB8FE5E2D9F}.Release|Any CPU.Build.0 = Release|Any CPU
	EndGlobalSection
	GlobalSection(SolutionProperties) = preSolution
		HideSolutionNode = FALSE
	EndGlobalSection
	GlobalSection(NestedProjects) = preSolution
		{2D684A66-06ED-45C7-9231-DB97436FD7F1} = {67BBE707-38F4-48AD-84ED-ED3F0EAD4453}
		{F7EDABE6-312C-4483-8D1F-59C14993CB30} = {43E2DDFC-37D5-45D8-8991-C8912DE2B4A6}
		{2AD01EE4-D5A5-46FE-9FA6-DD47DA259150} = {67BBE707-38F4-48AD-84ED-ED3F0EAD4453}
		{E05CE8A4-1BAB-47D6-81E8-DD68D7CF1052} = {93E001C5-F02F-4AB6-AC29-25C115AFABF3}
		{5B201184-27EF-4257-80B6-391F46168E67} = {7581D5F8-F377-4BD7-87C6-CFF43BF80F9C}
		{A28F70F1-295E-4840-AEB7-AEB8FE5E2D9F} = {7581D5F8-F377-4BD7-87C6-CFF43BF80F9C}
	EndGlobalSection
	GlobalSection(ExtensibilityGlobals) = postSolution
		SolutionGuid = {64F593E4-E3ED-44B5-A0B1-27ECA56D6851}
	EndGlobalSection
EndGlobal
